
Microsoft Visual Studio Solution File, Format Version 12.00
# Visual Studio 15
VisualStudioVersion = 15.0.28307.168
MinimumVisualStudioVersion = 10.0.40219.1
Project("{E24C65DC-7377-472B-9ABA-BC803B73C61A}") = "AwarenessPlugin", ".", "{12C90CD8-9F4A-4A73-99BF-4DD985E3DDC5}"
	ProjectSection(WebsiteProperties) = preProject
		TargetFrameworkMoniker = ".NETFramework,Version%3Dv4.0"
		Debug.AspNetCompiler.VirtualPath = "/localhost_57924"
		Debug.AspNetCompiler.PhysicalPath = "..\AwarenessPlugin\"
		Debug.AspNetCompiler.TargetPath = "PrecompiledWeb\localhost_57924\"
		Debug.AspNetCompiler.Updateable = "true"
		Debug.AspNetCompiler.ForceOverwrite = "true"
		Debug.AspNetCompiler.FixedNames = "false"
		Debug.AspNetCompiler.Debug = "True"
		Release.AspNetCompiler.VirtualPath = "/localhost_57924"
		Release.AspNetCompiler.PhysicalPath = "..\AwarenessPlugin\"
		Release.AspNetCompiler.TargetPath = "PrecompiledWeb\localhost_57924\"
		Release.AspNetCompiler.Updateable = "true"
		Release.AspNetCompiler.ForceOverwrite = "true"
		Release.AspNetCompiler.FixedNames = "false"
		Release.AspNetCompiler.Debug = "False"
		VWDPort = "57924"
		SlnRelativePath = "..\AwarenessPlugin\"
	EndProjectSection
EndProject
Global
	GlobalSection(SolutionConfigurationPlatforms) = preSolution
		Debug|Any CPU = Debug|Any CPU
	EndGlobalSection
	GlobalSection(ProjectConfigurationPlatforms) = postSolution
		{12C90CD8-9F4A-4A73-99BF-4DD985E3DDC5}.Debug|Any CPU.ActiveCfg = Debug|Any CPU
		{12C90CD8-9F4A-4A73-99BF-4DD985E3DDC5}.Debug|Any CPU.Build.0 = Debug|Any CPU
	EndGlobalSection
	GlobalSection(SolutionProperties) = preSolution
		HideSolutionNode = FALSE
	EndGlobalSection
	GlobalSection(ExtensibilityGlobals) = postSolution
		SolutionGuid = {FC5D1F5B-8A31-4825-92C3-9920FD2174E4}
	EndGlobalSection
EndGlobal
